
Microsoft Visual Studio Solution File, Format Version 12.00
# Visual Studio Version 17
VisualStudioVersion = 17.13.35828.75 d17.13
MinimumVisualStudioVersion = 10.0.40219.1
Project("{FAE04EC0-301F-11D3-BF4B-00C04F79EFBC}") = "TechnicalTask", "TechnicalTask\TechnicalTask.csproj", "{94E64FAB-74BC-4D82-9C21-DD0362DEF60E}"
EndProject
Global
	GlobalSection(SolutionConfigurationPlatforms) = preSolution
		Debug|Any CPU = Debug|Any CPU
		Release|Any CPU = Release|Any CPU
	EndGlobalSection
	GlobalSection(ProjectConfigurationPlatforms) = postSolution
		{94E64FAB-74BC-4D82-9C21-DD0362DEF60E}.Debug|Any CPU.ActiveCfg = Debug|Any CPU
		{94E64FAB-74BC-4D82-9C21-DD0362DEF60E}.Debug|Any CPU.Build.0 = Debug|Any CPU
		{94E64FAB-74BC-4D82-9C21-DD0362DEF60E}.Release|Any CPU.ActiveCfg = Release|Any CPU
		{94E64FAB-74BC-4D82-9C21-DD0362DEF60E}.Release|Any CPU.Build.0 = Release|Any CPU
	EndGlobalSection
	GlobalSection(SolutionProperties) = preSolution
		HideSolutionNode = FALSE
	EndGlobalSection
	GlobalSection(ExtensibilityGlobals) = postSolution
		SolutionGuid = {8238B442-2DCD-4A8F-A1C4-C1ECAB7D5EB0}
	EndGlobalSection
EndGlobal
